
Microsoft Visual Studio Solution File, Format Version 12.00
# Visual Studio Version 17
VisualStudioVersion = 17.14.36623.8 d17.14
MinimumVisualStudioVersion = 10.0.40219.1
Project("{FAE04EC0-301F-11D3-BF4B-00C04F79EFBC}") = "RoleBasedItemApi", "RoleBasedItemApi.csproj", "{3CF9CF58-36AD-4494-870D-E1FB04FA726A}"
EndProject
Global
	GlobalSection(SolutionConfigurationPlatforms) = preSolution
		Debug|Any CPU = Debug|Any CPU
		Release|Any CPU = Release|Any CPU
	EndGlobalSection
	GlobalSection(ProjectConfigurationPlatforms) = postSolution
		{3CF9CF58-36AD-4494-870D-E1FB04FA726A}.Debug|Any CPU.ActiveCfg = Debug|Any CPU
		{3CF9CF58-36AD-4494-870D-E1FB04FA726A}.Debug|Any CPU.Build.0 = Debug|Any CPU
		{3CF9CF58-36AD-4494-870D-E1FB04FA726A}.Release|Any CPU.ActiveCfg = Release|Any CPU
		{3CF9CF58-36AD-4494-870D-E1FB04FA726A}.Release|Any CPU.Build.0 = Release|Any CPU
	EndGlobalSection
	GlobalSection(SolutionProperties) = preSolution
		HideSolutionNode = FALSE
	EndGlobalSection
	GlobalSection(ExtensibilityGlobals) = postSolution
		SolutionGuid = {D45EA71F-47D3-49E2-8389-ADD774F95BB0}
	EndGlobalSection
EndGlobal
