
Microsoft Visual Studio Solution File, Format Version 12.00
# Visual Studio Version 17
VisualStudioVersion = 17.14.36623.8
MinimumVisualStudioVersion = 10.0.40219.1
Project("{FAE04EC0-301F-11D3-BF4B-00C04F79EFBC}") = "RoleBasedItemApi", "RoleBasedItemApi.csproj", "{3CF9CF58-36AD-4494-870D-E1FB04FA726A}"
EndProject
Project("{2150E333-8FDC-42A3-9474-1A3956D46DE8}") = "frontend", "frontend", "{02EA681E-C7D8-13C7-8484-4AC65E1B71E8}"
	ProjectSection(SolutionItems) = preProject
		frontend\frontend.gitkeep = frontend\frontend.gitkeep
	EndProjectSection
EndProject
Project("{2150E333-8FDC-42A3-9474-1A3956D46DE8}") = "backend", "backend", "{392495CF-20EA-4CF2-B880-78B0A2D95B69}"
EndProject
Project("{2150E333-8FDC-42A3-9474-1A3956D46DE8}") = "database", "database", "{C2630FED-A401-4BEA-8517-7652B09A04CD}"
	ProjectSection(SolutionItems) = preProject
		database\databaseREADME.md = database\databaseREADME.md
	EndProjectSection
EndProject
Global
	GlobalSection(SolutionConfigurationPlatforms) = preSolution
		Debug|Any CPU = Debug|Any CPU
		Release|Any CPU = Release|Any CPU
	EndGlobalSection
	GlobalSection(ProjectConfigurationPlatforms) = postSolution
		{3CF9CF58-36AD-4494-870D-E1FB04FA726A}.Debug|Any CPU.ActiveCfg = Debug|Any CPU
		{3CF9CF58-36AD-4494-870D-E1FB04FA726A}.Debug|Any CPU.Build.0 = Debug|Any CPU
		{3CF9CF58-36AD-4494-870D-E1FB04FA726A}.Release|Any CPU.ActiveCfg = Release|Any CPU
		{3CF9CF58-36AD-4494-870D-E1FB04FA726A}.Release|Any CPU.Build.0 = Release|Any CPU
	EndGlobalSection
	GlobalSection(SolutionProperties) = preSolution
		HideSolutionNode = FALSE
	EndGlobalSection
	GlobalSection(ExtensibilityGlobals) = postSolution
		SolutionGuid = {D45EA71F-47D3-49E2-8389-ADD774F95BB0}
	EndGlobalSection
EndGlobal
